# This file is automatically @generated by Cargo.
# It is not intended for manual editing.
version = 4

[[package]]
name = "engine"
version = "0.1.0"
dependencies = [
 "engine-core",
 "engine-render",
]

[[package]]
name = "engine-core"
version = "0.1.0"

[[package]]
name = "engine-render"
version = "0.1.0"

[[package]]
name = "example-triangle"
version = "0.1.0"
dependencies = [
 "engine",
]
